dependencies:
  espressif/esp-modbus:
    component_hash: 5d5e90b9e55721a8a194b301ad8102d4affb647f47b74cd413ff7d1ce2c1169c
    dependencies:
    - name: idf
      require: private
      version: '>=4.3'
    source:
      registry_url: https://components.espressif.com/
      type: service
    version: 1.0.18
  idf:
    source:
      type: idf
    version: 5.5.3
direct_dependencies:
- espressif/esp-modbus
manifest_hash: 2b4e0fac1c3c49a7933d56593bf9daa63066dbe2111b677f5113ae5906da7eb8
target: esp32s3
version: 2.0.0
