dependencies:
  espressif/esp_websocket_client:
    component_hash: 3fb288702517ef4d75bf933a115f1056ee0c2540d964f9e1d856e0bb67e1dfeb
    dependencies:
    - name: idf
      require: private
      version: '>=5.0'
    source:
      registry_url: https://components.espressif.com/
      type: service
    version: 1.7.0
  idf:
    source:
      type: idf
    version: 5.5.3
direct_dependencies:
- espressif/esp_websocket_client
manifest_hash: 42b6664e1fd35b9bc1b64e33d0f4bd56cb6ee78f160201ae09d7665cb840d3a5
target: esp32s3
version: 2.0.0
