dependencies:
  espressif/json_generator:
    component_hash: 6538d6acb33976977224343105498c06bcee459f932450a827176f992cdd24e8
    dependencies: []
    source:
      registry_url: https://components.espressif.com/
      type: service
    version: 1.2.0
  idf:
    source:
      type: idf
    version: 5.5.3
direct_dependencies:
- espressif/json_generator
- idf
manifest_hash: 47a437b99ff87752a7d58ce51db3e79049bbf83f239c391142d01ae2c3501000
target: esp32s3
version: 2.0.0
